
Microsoft Visual Studio Solution File, Format Version 12.00
# Visual Studio Version 17
VisualStudioVersion = 17.5.33414.496
MinimumVisualStudioVersion = 10.0.40219.1
Project("{9A19103F-16F7-4668-BE54-9A1E7A4F7556}") = "Homework4", "Homework4\Homework4.csproj", "{50292CEE-EE50-4910-B08F-04821B224EAF}"
EndProject
Project("{9A19103F-16F7-4668-BE54-9A1E7A4F7556}") = "Homework5", "Homework5\Homework5.csproj", "{4908C4AF-BE8C-4660-BE8E-E4D2C095387A}"
EndProject
Project("{9A19103F-16F7-4668-BE54-9A1E7A4F7556}") = "HomeworkATM", "..\HomeworkATM\HomeworkATM\HomeworkATM.csproj", "{AD34F6B5-FFDA-486F-8AE9-8FE0BB0CDF3F}"
EndProject
Project("{9A19103F-16F7-4668-BE54-9A1E7A4F7556}") = "Homework8", "..\..\Homework8\Homework8\Homework8.csproj", "{493EC3BB-2A18-4AF6-A84D-5BF2095E7936}"
EndProject
Global
	GlobalSection(SolutionConfigurationPlatforms) = preSolution
		Debug|Any CPU = Debug|Any CPU
		Release|Any CPU = Release|Any CPU
	EndGlobalSection
	GlobalSection(ProjectConfigurationPlatforms) = postSolution
		{50292CEE-EE50-4910-B08F-04821B224EAF}.Debug|Any CPU.ActiveCfg = Debug|Any CPU
		{50292CEE-EE50-4910-B08F-04821B224EAF}.Debug|Any CPU.Build.0 = Debug|Any CPU
		{50292CEE-EE50-4910-B08F-04821B224EAF}.Release|Any CPU.ActiveCfg = Release|Any CPU
		{50292CEE-EE50-4910-B08F-04821B224EAF}.Release|Any CPU.Build.0 = Release|Any CPU
		{4908C4AF-BE8C-4660-BE8E-E4D2C095387A}.Debug|Any CPU.ActiveCfg = Debug|Any CPU
		{4908C4AF-BE8C-4660-BE8E-E4D2C095387A}.Debug|Any CPU.Build.0 = Debug|Any CPU
		{4908C4AF-BE8C-4660-BE8E-E4D2C095387A}.Release|Any CPU.ActiveCfg = Release|Any CPU
		{4908C4AF-BE8C-4660-BE8E-E4D2C095387A}.Release|Any CPU.Build.0 = Release|Any CPU
		{AD34F6B5-FFDA-486F-8AE9-8FE0BB0CDF3F}.Debug|Any CPU.ActiveCfg = Debug|Any CPU
		{AD34F6B5-FFDA-486F-8AE9-8FE0BB0CDF3F}.Debug|Any CPU.Build.0 = Debug|Any CPU
		{AD34F6B5-FFDA-486F-8AE9-8FE0BB0CDF3F}.Release|Any CPU.ActiveCfg = Release|Any CPU
		{AD34F6B5-FFDA-486F-8AE9-8FE0BB0CDF3F}.Release|Any CPU.Build.0 = Release|Any CPU
		{493EC3BB-2A18-4AF6-A84D-5BF2095E7936}.Debug|Any CPU.ActiveCfg = Debug|Any CPU
		{493EC3BB-2A18-4AF6-A84D-5BF2095E7936}.Debug|Any CPU.Build.0 = Debug|Any CPU
		{493EC3BB-2A18-4AF6-A84D-5BF2095E7936}.Release|Any CPU.ActiveCfg = Release|Any CPU
		{493EC3BB-2A18-4AF6-A84D-5BF2095E7936}.Release|Any CPU.Build.0 = Release|Any CPU
	EndGlobalSection
	GlobalSection(SolutionProperties) = preSolution
		HideSolutionNode = FALSE
	EndGlobalSection
	GlobalSection(ExtensibilityGlobals) = postSolution
		SolutionGuid = {F3F96D40-B7A4-45D0-AD28-804A8F38EF14}
	EndGlobalSection
EndGlobal
